// !$*UTF8*$!
{
	archiveVersion = 1;
	classes = {
	};
	objectVersion = 48;
	objects = {

/* Begin PBXBuildFile section */
		8750E1C8216565810064A067 /* AppDelegate.swift in Sources */ = {isa = PBXBuildFile; fileRef = 8750E1C7216565810064A067 /* AppDelegate.swift */; };
		8750E1CA216565810064A067 /* ViewController.swift in Sources */ = {isa = PBXBuildFile; fileRef = 8750E1C9216565810064A067 /* ViewController.swift */; };
		8750E1CD216565810064A067 /* Main.storyboard in Resources */ = {isa = PBXBuildFile; fileRef = 8750E1CB216565810064A067 /* Main.storyboard */; };
		8750E1CF216565810064A067 /* Assets.xcassets in Resources */ = {isa = PBXBuildFile; fileRef = 8750E1CE216565810064A067 /* Assets.xcassets */; };
		8750E1D2216565810064A067 /* LaunchScreen.storyboard in Resources */ = {isa = PBXBuildFile; fileRef = 8750E1D0216565810064A067 /* LaunchScreen.storyboard */; };
		8750E1DD216565810064A067 /* primePrinterTests.swift in Sources */ = {isa = PBXBuildFile; fileRef = 8750E1DC216565810064A067 /* primePrinterTests.swift */; };
		8750E1E8216565B20064A067 /* PrimePrinter.swift in Sources */ = {isa = PBXBuildFile; fileRef = 8750E1E7216565B20064A067 /* PrimePrinter.swift */; };
		8750E1EA21656BAC0064A067 /* Gold.txt in Resources */ = {isa = PBXBuildFile; fileRef = 8750E1E921656BAC0064A067 /* Gold.txt */; };
/* End PBXBuildFile section */

/* Begin PBXContainerItemProxy section */
		8750E1D9216565810064A067 /* PBXContainerItemProxy */ = {
			isa = PBXContainerItemProxy;
			containerPortal = 8750E1BC216565810064A067 /* Project object */;
			proxyType = 1;
			remoteGlobalIDString = 8750E1C3216565810064A067;
			remoteInfo = primePrinter;
		};
/* End PBXContainerItemProxy section */

/* Begin PBXFileReference section */
		8750E1C4216565810064A067 /* primePrinter.app */ = {isa = PBXFileReference; explicitFileType = wrapper.application; includeInIndex = 0; path = primePrinter.app; sourceTree = BUILT_PRODUCTS_DIR; };
		8750E1C7216565810064A067 /* AppDelegate.swift */ = {isa = PBXFileReference; lastKnownFileType = sourcecode.swift; path = AppDelegate.swift; sourceTree = "<group>"; };
		8750E1C9216565810064A067 /* ViewController.swift */ = {isa = PBXFileReference; lastKnownFileType = sourcecode.swift; path = ViewController.swift; sourceTree = "<group>"; };
		8750E1CC216565810064A067 /* Base */ = {isa = PBXFileReference; lastKnownFileType = file.storyboard; name = Base; path = Base.lproj/Main.storyboard; sourceTree = "<group>"; };
		8750E1CE216565810064A067 /* Assets.xcassets */ = {isa = PBXFileReference; lastKnownFileType = folder.assetcatalog; path = Assets.xcassets; sourceTree = "<group>"; };
		8750E1D1216565810064A067 /* Base */ = {isa = PBXFileReference; lastKnownFileType = file.storyboard; name = Base; path = Base.lproj/LaunchScreen.storyboard; sourceTree = "<group>"; };
		8750E1D3216565810064A067 /* Info.plist */ = {isa = PBXFileReference; lastKnownFileType = text.plist.xml; path = Info.plist; sourceTree = "<group>"; };
		8750E1D8216565810064A067 /* primePrinterTests.xctest */ = {isa = PBXFileReference; explicitFileType = wrapper.cfbundle; includeInIndex = 0; path = primePrinterTests.xctest; sourceTree = BUILT_PRODUCTS_DIR; };
		8750E1DC216565810064A067 /* primePrinterTests.swift */ = {isa = PBXFileReference; lastKnownFileType = sourcecode.swift; path = primePrinterTests.swift; sourceTree = "<group>"; };
		8750E1DE216565810064A067 /* Info.plist */ = {isa = PBXFileReference; lastKnownFileType = text.plist.xml; path = Info.plist; sourceTree = "<group>"; };
		8750E1E7216565B20064A067 /* PrimePrinter.swift */ = {isa = PBXFileReference; lastKnownFileType = sourcecode.swift; path = PrimePrinter.swift; sourceTree = "<group>"; };
		8750E1E921656BAC0064A067 /* Gold.txt */ = {isa = PBXFileReference; lastKnownFileType = text; path = Gold.txt; sourceTree = "<group>"; };
/* End PBXFileReference section */

/* Begin PBXFrameworksBuildPhase section */
		8750E1C1216565810064A067 /* Frameworks */ = {
			isa = PBXFrameworksBuildPhase;
			buildActionMask = 2147483647;
			files = (
			);
			runOnlyForDeploymentPostprocessing = 0;
		};
		8750E1D5216565810064A067 /* Frameworks */ = {
			isa = PBXFrameworksBuildPhase;
			buildActionMask = 2147483647;
			files = (
			);
			runOnlyForDeploymentPostprocessing = 0;
		};
/* End PBXFrameworksBuildPhase section */

/* Begin PBXGroup section */
		8750E1BB216565810064A067 = {
			isa = PBXGroup;
			children = (
				8750E1C6216565810064A067 /* primePrinter */,
				8750E1DB216565810064A067 /* primePrinterTests */,
				8750E1C5216565810064A067 /* Products */,
			);
			sourceTree = "<group>";
		};
		8750E1C5216565810064A067 /* Products */ = {
			isa = PBXGroup;
			children = (
				8750E1C4216565810064A067 /* primePrinter.app */,
				8750E1D8216565810064A067 /* primePrinterTests.xctest */,
			);
			name = Products;
			sourceTree = "<group>";
		};
		8750E1C6216565810064A067 /* primePrinter */ = {
			isa = PBXGroup;
			children = (
				8750E1E7216565B20064A067 /* PrimePrinter.swift */,
				8750E1C7216565810064A067 /* AppDelegate.swift */,
				8750E1C9216565810064A067 /* ViewController.swift */,
				8750E1CB216565810064A067 /* Main.storyboard */,
				8750E1CE216565810064A067 /* Assets.xcassets */,
				8750E1D0216565810064A067 /* LaunchScreen.storyboard */,
				8750E1D3216565810064A067 /* Info.plist */,
			);
			path = primePrinter;
			sourceTree = "<group>";
		};
		8750E1DB216565810064A067 /* primePrinterTests */ = {
			isa = PBXGroup;
			children = (
				8750E1E921656BAC0064A067 /* Gold.txt */,
				8750E1DC216565810064A067 /* primePrinterTests.swift */,
				8750E1DE216565810064A067 /* Info.plist */,
			);
			path = primePrinterTests;
			sourceTree = "<group>";
		};
/* End PBXGroup section */

/* Begin PBXNativeTarget section */
		8750E1C3216565810064A067 /* primePrinter */ = {
			isa = PBXNativeTarget;
			buildConfigurationList = 8750E1E1216565810064A067 /* Build configuration list for PBXNativeTarget "primePrinter" */;
			buildPhases = (
				8750E1C0216565810064A067 /* Sources */,
				8750E1C1216565810064A067 /* Frameworks */,
				8750E1C2216565810064A067 /* Resources */,
			);
			buildRules = (
			);
			dependencies = (
			);
			name = primePrinter;
			productName = primePrinter;
			productReference = 8750E1C4216565810064A067 /* primePrinter.app */;
			productType = "com.apple.product-type.application";
		};
		8750E1D7216565810064A067 /* primePrinterTests */ = {
			isa = PBXNativeTarget;
			buildConfigurationList = 8750E1E4216565810064A067 /* Build configuration list for PBXNativeTarget "primePrinterTests" */;
			buildPhases = (
				8750E1D4216565810064A067 /* Sources */,
				8750E1D5216565810064A067 /* Frameworks */,
				8750E1D6216565810064A067 /* Resources */,
			);
			buildRules = (
			);
			dependencies = (
				8750E1DA216565810064A067 /* PBXTargetDependency */,
			);
			name = primePrinterTests;
			productName = primePrinterTests;
			productReference = 8750E1D8216565810064A067 /* primePrinterTests.xctest */;
			productType = "com.apple.product-type.bundle.unit-test";
		};
/* End PBXNativeTarget section */

/* Begin PBXProject section */
		8750E1BC216565810064A067 /* Project object */ = {
			isa = PBXProject;
			attributes = {
				LastSwiftUpdateCheck = 0920;
				LastUpgradeCheck = 0920;
				ORGANIZATIONNAME = Soat;
				TargetAttributes = {
					8750E1C3216565810064A067 = {
						CreatedOnToolsVersion = 9.2;
						ProvisioningStyle = Automatic;
					};
					8750E1D7216565810064A067 = {
						CreatedOnToolsVersion = 9.2;
						ProvisioningStyle = Automatic;
						TestTargetID = 8750E1C3216565810064A067;
					};
				};
			};
			buildConfigurationList = 8750E1BF216565810064A067 /* Build configuration list for PBXProject "primePrinter" */;
			compatibilityVersion = "Xcode 8.0";
			developmentRegion = en;
			hasScannedForEncodings = 0;
			knownRegions = (
				en,
				Base,
			);
			mainGroup = 8750E1BB216565810064A067;
			productRefGroup = 8750E1C5216565810064A067 /* Products */;
			projectDirPath = "";
			projectRoot = "";
			targets = (
				8750E1C3216565810064A067 /* primePrinter */,
				8750E1D7216565810064A067 /* primePrinterTests */,
			);
		};
/* End PBXProject section */

/* Begin PBXResourcesBuildPhase section */
		8750E1C2216565810064A067 /* Resources */ = {
			isa = PBXResourcesBuildPhase;
			buildActionMask = 2147483647;
			files = (
				8750E1D2216565810064A067 /* LaunchScreen.storyboard in Resources */,
				8750E1CF216565810064A067 /* Assets.xcassets in Resources */,
				8750E1CD216565810064A067 /* Main.storyboard in Resources */,
			);
			runOnlyForDeploymentPostprocessing = 0;
		};
		8750E1D6216565810064A067 /* Resources */ = {
			isa = PBXResourcesBuildPhase;
			buildActionMask = 2147483647;
			files = (
				8750E1EA21656BAC0064A067 /* Gold.txt in Resources */,
			);
			runOnlyForDeploymentPostprocessing = 0;
		};
/* End PBXResourcesBuildPhase section */

/* Begin PBXSourcesBuildPhase section */
		8750E1C0216565810064A067 /* Sources */ = {
			isa = PBXSourcesBuildPhase;
			buildActionMask = 2147483647;
			files = (
				8750E1E8216565B20064A067 /* PrimePrinter.swift in Sources */,
				8750E1CA216565810064A067 /* ViewController.swift in Sources */,
				8750E1C8216565810064A067 /* AppDelegate.swift in Sources */,
			);
			runOnlyForDeploymentPostprocessing = 0;
		};
		8750E1D4216565810064A067 /* Sources */ = {
			isa = PBXSourcesBuildPhase;
			buildActionMask = 2147483647;
			files = (
				8750E1DD216565810064A067 /* primePrinterTests.swift in Sources */,
			);
			runOnlyForDeploymentPostprocessing = 0;
		};
/* End PBXSourcesBuildPhase section */

/* Begin PBXTargetDependency section */
		8750E1DA216565810064A067 /* PBXTargetDependency */ = {
			isa = PBXTargetDependency;
			target = 8750E1C3216565810064A067 /* primePrinter */;
			targetProxy = 8750E1D9216565810064A067 /* PBXContainerItemProxy */;
		};
/* End PBXTargetDependency section */

/* Begin PBXVariantGroup section */
		8750E1CB216565810064A067 /* Main.storyboard */ = {
			isa = PBXVariantGroup;
			children = (
				8750E1CC216565810064A067 /* Base */,
			);
			name = Main.storyboard;
			sourceTree = "<group>";
		};
		8750E1D0216565810064A067 /* LaunchScreen.storyboard */ = {
			isa = PBXVariantGroup;
			children = (
				8750E1D1216565810064A067 /* Base */,
			);
			name = LaunchScreen.storyboard;
			sourceTree = "<group>";
		};
/* End PBXVariantGroup section */

/* Begin XCBuildConfiguration section */
		8750E1DF216565810064A067 /* Debug */ = {
			isa = XCBuildConfiguration;
			buildSettings = {
				ALWAYS_SEARCH_USER_PATHS = NO;
				CLANG_ANALYZER_NONNULL = YES;
				CLANG_ANALYZER_NUMBER_OBJECT_CONVERSION = YES_AGGRESSIVE;
				CLANG_CXX_LANGUAGE_STANDARD = "gnu++14";
				CLANG_CXX_LIBRARY = "libc++";
				CLANG_ENABLE_MODULES = YES;
				CLANG_ENABLE_OBJC_ARC = YES;
				CLANG_WARN_BLOCK_CAPTURE_AUTORELEASING = YES;
				CLANG_WARN_BOOL_CONVERSION = YES;
				CLANG_WARN_COMMA = YES;
				CLANG_WARN_CONSTANT_CONVERSION = YES;
				CLANG_WARN_DIRECT_OBJC_ISA_USAGE = YES_ERROR;
				CLANG_WARN_DOCUMENTATION_COMMENTS = YES;
				CLANG_WARN_EMPTY_BODY = YES;
				CLANG_WARN_ENUM_CONVERSION = YES;
				CLANG_WARN_INFINITE_RECURSION = YES;
				CLANG_WARN_INT_CONVERSION = YES;
				CLANG_WARN_NON_LITERAL_NULL_CONVERSION = YES;
				CLANG_WARN_OBJC_LITERAL_CONVERSION = YES;
				CLANG_WARN_OBJC_ROOT_CLASS = YES_ERROR;
				CLANG_WARN_RANGE_LOOP_ANALYSIS = YES;
				CLANG_WARN_STRICT_PROTOTYPES = YES;
				CLANG_WARN_SUSPICIOUS_MOVE = YES;
				CLANG_WARN_UNGUARDED_AVAILABILITY = YES_AGGRESSIVE;
				CLANG_WARN_UNREACHABLE_CODE = YES;
				CLANG_WARN__DUPLICATE_METHOD_MATCH = YES;
				CODE_SIGN_IDENTITY = "iPhone Developer";
				COPY_PHASE_STRIP = NO;
				DEBUG_INFORMATION_FORMAT = dwarf;
				ENABLE_STRICT_OBJC_MSGSEND = YES;
				ENABLE_TESTABILITY = YES;
				GCC_C_LANGUAGE_STANDARD = gnu11;
				GCC_DYNAMIC_NO_PIC = NO;
				GCC_NO_COMMON_BLOCKS = YES;
				GCC_OPTIMIZATION_LEVEL = 0;
				GCC_PREPROCESSOR_DEFINITIONS = (
					"DEBUG=1",
					"$(inherited)",
				);
				GCC_WARN_64_TO_32_BIT_CONVERSION = YES;
				GCC_WARN_ABOUT_RETURN_TYPE = YES_ERROR;
				GCC_WARN_UNDECLARED_SELECTOR = YES;
				GCC_WARN_UNINITIALIZED_AUTOS = YES_AGGRESSIVE;
				GCC_WARN_UNUSED_FUNCTION = YES;
				GCC_WARN_UNUSED_VARIABLE = YES;
				IPHONEOS_DEPLOYMENT_TARGET = 11.2;
				MTL_ENABLE_DEBUG_INFO = YES;
				ONLY_ACTIVE_ARCH = YES;
				SDKROOT = iphoneos;
				SWIFT_ACTIVE_COMPILATION_CONDITIONS = DEBUG;
				SWIFT_OPTIMIZATION_LEVEL = "-Onone";
			};
			name = Debug;
		};
		8750E1E0216565810064A067 /* Release */ = {
			isa = XCBuildConfiguration;
			buildSettings = {
				ALWAYS_SEARCH_USER_PATHS = NO;
				CLANG_ANALYZER_NONNULL = YES;
				CLANG_ANALYZER_NUMBER_OBJECT_CONVERSION = YES_AGGRESSIVE;
				CLANG_CXX_LANGUAGE_STANDARD = "gnu++14";
				CLANG_CXX_LIBRARY = "libc++";
				CLANG_ENABLE_MODULES = YES;
				CLANG_ENABLE_OBJC_ARC = YES;
				CLANG_WARN_BLOCK_CAPTURE_AUTORELEASING = YES;
				CLANG_WARN_BOOL_CONVERSION = YES;
				CLANG_WARN_COMMA = YES;
				CLANG_WARN_CONSTANT_CONVERSION = YES;
				CLANG_WARN_DIRECT_OBJC_ISA_USAGE = YES_ERROR;
				CLANG_WARN_DOCUMENTATION_COMMENTS = YES;
				CLANG_WARN_EMPTY_BODY = YES;
				CLANG_WARN_ENUM_CONVERSION = YES;
				CLANG_WARN_INFINITE_RECURSION = YES;
				CLANG_WARN_INT_CONVERSION = YES;
				CLANG_WARN_NON_LITERAL_NULL_CONVERSION = YES;
				CLANG_WARN_OBJC_LITERAL_CONVERSION = YES;
				CLANG_WARN_OBJC_ROOT_CLASS = YES_ERROR;
				CLANG_WARN_RANGE_LOOP_ANALYSIS = YES;
				CLANG_WARN_STRICT_PROTOTYPES = YES;
				CLANG_WARN_SUSPICIOUS_MOVE = YES;
				CLANG_WARN_UNGUARDED_AVAILABILITY = YES_AGGRESSIVE;
				CLANG_WARN_UNREACHABLE_CODE = YES;
				CLANG_WARN__DUPLICATE_METHOD_MATCH = YES;
				CODE_SIGN_IDENTITY = "iPhone Developer";
				COPY_PHASE_STRIP = NO;
				DEBUG_INFORMATION_FORMAT = "dwarf-with-dsym";
				ENABLE_NS_ASSERTIONS = NO;
				ENABLE_STRICT_OBJC_MSGSEND = YES;
				GCC_C_LANGUAGE_STANDARD = gnu11;
				GCC_NO_COMMON_BLOCKS = YES;
				GCC_WARN_64_TO_32_BIT_CONVERSION = YES;
				GCC_WARN_ABOUT_RETURN_TYPE = YES_ERROR;
				GCC_WARN_UNDECLARED_SELECTOR = YES;
				GCC_WARN_UNINITIALIZED_AUTOS = YES_AGGRESSIVE;
				GCC_WARN_UNUSED_FUNCTION = YES;
				GCC_WARN_UNUSED_VARIABLE = YES;
				IPHONEOS_DEPLOYMENT_TARGET = 11.2;
				MTL_ENABLE_DEBUG_INFO = NO;
				SDKROOT = iphoneos;
				SWIFT_OPTIMIZATION_LEVEL = "-Owholemodule";
				VALIDATE_PRODUCT = YES;
			};
			name = Release;
		};
		8750E1E2216565810064A067 /* Debug */ = {
			isa = XCBuildConfiguration;
			buildSettings = {
				ASSETCATALOG_COMPILER_APPICON_NAME = AppIcon;
				CODE_SIGN_STYLE = Automatic;
				INFOPLIST_FILE = primePrinter/Info.plist;
				LD_RUNPATH_SEARCH_PATHS = "$(inherited) @executable_path/Frameworks";
				PRODUCT_BUNDLE_IDENTIFIER = fr.soat.primePrinter;
				PRODUCT_NAME = "$(TARGET_NAME)";
				SWIFT_VERSION = 4.0;
				TARGETED_DEVICE_FAMILY = "1,2";
			};
			name = Debug;
		};
		8750E1E3216565810064A067 /* Release */ = {
			isa = XCBuildConfiguration;
			buildSettings = {
				ASSETCATALOG_COMPILER_APPICON_NAME = AppIcon;
				CODE_SIGN_STYLE = Automatic;
				INFOPLIST_FILE = primePrinter/Info.plist;
				LD_RUNPATH_SEARCH_PATHS = "$(inherited) @executable_path/Frameworks";
				PRODUCT_BUNDLE_IDENTIFIER = fr.soat.primePrinter;
				PRODUCT_NAME = "$(TARGET_NAME)";
				SWIFT_VERSION = 4.0;
				TARGETED_DEVICE_FAMILY = "1,2";
			};
			name = Release;
		};
		8750E1E5216565810064A067 /* Debug */ = {
			isa = XCBuildConfiguration;
			buildSettings = {
				ALWAYS_EMBED_SWIFT_STANDARD_LIBRARIES = YES;
				BUNDLE_LOADER = "$(TEST_HOST)";
				CODE_SIGN_STYLE = Automatic;
				INFOPLIST_FILE = primePrinterTests/Info.plist;
				LD_RUNPATH_SEARCH_PATHS = "$(inherited) @executable_path/Frameworks @loader_path/Frameworks";
				PRODUCT_BUNDLE_IDENTIFIER = fr.soat.primePrinterTests;
				PRODUCT_NAME = "$(TARGET_NAME)";
				SWIFT_VERSION = 4.0;
				TARGETED_DEVICE_FAMILY = "1,2";
				TEST_HOST = "$(BUILT_PRODUCTS_DIR)/primePrinter.app/primePrinter";
			};
			name = Debug;
		};
		8750E1E6216565810064A067 /* Release */ = {
			isa = XCBuildConfiguration;
			buildSettings = {
				ALWAYS_EMBED_SWIFT_STANDARD_LIBRARIES = YES;
				BUNDLE_LOADER = "$(TEST_HOST)";
				CODE_SIGN_STYLE = Automatic;
				INFOPLIST_FILE = primePrinterTests/Info.plist;
				LD_RUNPATH_SEARCH_PATHS = "$(inherited) @executable_path/Frameworks @loader_path/Frameworks";
				PRODUCT_BUNDLE_IDENTIFIER = fr.soat.primePrinterTests;
				PRODUCT_NAME = "$(TARGET_NAME)";
				SWIFT_VERSION = 4.0;
				TARGETED_DEVICE_FAMILY = "1,2";
				TEST_HOST = "$(BUILT_PRODUCTS_DIR)/primePrinter.app/primePrinter";
			};
			name = Release;
		};
/* End XCBuildConfiguration section */

/* Begin XCConfigurationList section */
		8750E1BF216565810064A067 /* Build configuration list for PBXProject "primePrinter" */ = {
			isa = XCConfigurationList;
			buildConfigurations = (
				8750E1DF216565810064A067 /* Debug */,
				8750E1E0216565810064A067 /* Release */,
			);
			defaultConfigurationIsVisible = 0;
			defaultConfigurationName = Release;
		};
		8750E1E1216565810064A067 /* Build configuration list for PBXNativeTarget "primePrinter" */ = {
			isa = XCConfigurationList;
			buildConfigurations = (
				8750E1E2216565810064A067 /* Debug */,
				8750E1E3216565810064A067 /* Release */,
			);
			defaultConfigurationIsVisible = 0;
			defaultConfigurationName = Release;
		};
		8750E1E4216565810064A067 /* Build configuration list for PBXNativeTarget "primePrinterTests" */ = {
			isa = XCConfigurationList;
			buildConfigurations = (
				8750E1E5216565810064A067 /* Debug */,
				8750E1E6216565810064A067 /* Release */,
			);
			defaultConfigurationIsVisible = 0;
			defaultConfigurationName = Release;
		};
/* End XCConfigurationList section */
	};
	rootObject = 8750E1BC216565810064A067 /* Project object */;
}
